
Microsoft Visual Studio Solution File, Format Version 12.00
# Visual Studio Version 17
VisualStudioVersion = 17.5.33530.505
MinimumVisualStudioVersion = 10.0.40219.1
Project("{FAE04EC0-301F-11D3-BF4B-00C04F79EFBC}") = "EasyCashIdentity.BusinessLayer", "EasyCashIdentity.BusinessLayer\EasyCashIdentity.BusinessLayer.csproj", "{98DAC337-788E-4D28-B136-C94DEDF5F064}"
EndProject
Project("{FAE04EC0-301F-11D3-BF4B-00C04F79EFBC}") = "EasyCashIdentity.DataAccessLayer", "EasyCashIdentity.DataAccessLayer\EasyCashIdentity.DataAccessLayer.csproj", "{F9FEE115-DA4D-4031-B9F6-A587CF667286}"
EndProject
Project("{FAE04EC0-301F-11D3-BF4B-00C04F79EFBC}") = "EasyCashIdentity.EntityLayer", "EasyCashIdentity.EntityLayer\EasyCashIdentity.EntityLayer.csproj", "{B4F14280-2B56-44B0-8762-0008D1E25348}"
EndProject
Project("{FAE04EC0-301F-11D3-BF4B-00C04F79EFBC}") = "EasyCashIdentity.CoreLayer", "EasyCashIdentity.CoreLayer\EasyCashIdentity.CoreLayer.csproj", "{C406132C-C449-416C-B2F9-FEA5E6AF019B}"
EndProject
Project("{FAE04EC0-301F-11D3-BF4B-00C04F79EFBC}") = "EasyCashIdentity.WebUILayer", "EasyCashIdentity.WebUILayer\EasyCashIdentity.WebUILayer.csproj", "{9B84775F-5C10-4EBB-8EED-8B85724DFFA0}"
EndProject
Global
	GlobalSection(SolutionConfigurationPlatforms) = preSolution
		Debug|Any CPU = Debug|Any CPU
		Release|Any CPU = Release|Any CPU
	EndGlobalSection
	GlobalSection(ProjectConfigurationPlatforms) = postSolution
		{98DAC337-788E-4D28-B136-C94DEDF5F064}.Debug|Any CPU.ActiveCfg = Debug|Any CPU
		{98DAC337-788E-4D28-B136-C94DEDF5F064}.Debug|Any CPU.Build.0 = Debug|Any CPU
		{98DAC337-788E-4D28-B136-C94DEDF5F064}.Release|Any CPU.ActiveCfg = Release|Any CPU
		{98DAC337-788E-4D28-B136-C94DEDF5F064}.Release|Any CPU.Build.0 = Release|Any CPU
		{F9FEE115-DA4D-4031-B9F6-A587CF667286}.Debug|Any CPU.ActiveCfg = Debug|Any CPU
		{F9FEE115-DA4D-4031-B9F6-A587CF667286}.Debug|Any CPU.Build.0 = Debug|Any CPU
		{F9FEE115-DA4D-4031-B9F6-A587CF667286}.Release|Any CPU.ActiveCfg = Release|Any CPU
		{F9FEE115-DA4D-4031-B9F6-A587CF667286}.Release|Any CPU.Build.0 = Release|Any CPU
		{B4F14280-2B56-44B0-8762-0008D1E25348}.Debug|Any CPU.ActiveCfg = Debug|Any CPU
		{B4F14280-2B56-44B0-8762-0008D1E25348}.Debug|Any CPU.Build.0 = Debug|Any CPU
		{B4F14280-2B56-44B0-8762-0008D1E25348}.Release|Any CPU.ActiveCfg = Release|Any CPU
		{B4F14280-2B56-44B0-8762-0008D1E25348}.Release|Any CPU.Build.0 = Release|Any CPU
		{C406132C-C449-416C-B2F9-FEA5E6AF019B}.Debug|Any CPU.ActiveCfg = Debug|Any CPU
		{C406132C-C449-416C-B2F9-FEA5E6AF019B}.Debug|Any CPU.Build.0 = Debug|Any CPU
		{C406132C-C449-416C-B2F9-FEA5E6AF019B}.Release|Any CPU.ActiveCfg = Release|Any CPU
		{C406132C-C449-416C-B2F9-FEA5E6AF019B}.Release|Any CPU.Build.0 = Release|Any CPU
		{9B84775F-5C10-4EBB-8EED-8B85724DFFA0}.Debug|Any CPU.ActiveCfg = Debug|Any CPU
		{9B84775F-5C10-4EBB-8EED-8B85724DFFA0}.Debug|Any CPU.Build.0 = Debug|Any CPU
		{9B84775F-5C10-4EBB-8EED-8B85724DFFA0}.Release|Any CPU.ActiveCfg = Release|Any CPU
		{9B84775F-5C10-4EBB-8EED-8B85724DFFA0}.Release|Any CPU.Build.0 = Release|Any CPU
	EndGlobalSection
	GlobalSection(SolutionProperties) = preSolution
		HideSolutionNode = FALSE
	EndGlobalSection
	GlobalSection(ExtensibilityGlobals) = postSolution
		SolutionGuid = {2F13221A-74C2-4D35-8BE7-CD65F39F5AC9}
	EndGlobalSection
EndGlobal
